{
  "name": "mFlowersFrontEnd",
  "version": "1.0.0",
  "lockfileVersion": 1,
  "requires": true,
  "dependencies": {
    "easyzoom": {
      "version": "2.5.2",
      "resolved": "https://registry.npmjs.org/easyzoom/-/easyzoom-2.5.2.tgz",
      "integrity": "sha512-vecntBV8TtcmQPtfXTkErBDpQ4KCxvA1EvgN8i5df29mK4WdOAeiWNjbIFMSqtZJ5VlxbP2oAqpOSpOLqtOovA==",
      "requires": {
        "jquery": ">=1.7"
      },
      "dependencies": {
        "jquery": {
          "version": "3.4.1",
          "resolved": "https://registry.npmjs.org/jquery/-/jquery-3.4.1.tgz",
          "integrity": "sha512-36+AdBzCL+y6qjw5Tx7HgzeGCzC81MDDgaUP8ld2zhx58HdqXGoBd+tHdrBMiyjGQs0Hxs/MLZTu/eHNJJuWPw=="
        }
      }
    },
    "jquery-zoom": {
      "version": "1.7.21",
      "resolved": "https://registry.npmjs.org/jquery-zoom/-/jquery-zoom-1.7.21.tgz",
      "integrity": "sha512-C3aDEt0c4TkPrOPqIs5VAOwBMgitf1I7jEakO15G3QfxdVEivBvUlkiCjfcGQM+FyXdvshpbiEJKDbEdPz2/pw==",
      "requires": {
        "jquery": ">=1.7"
      },
      "dependencies": {
        "jquery": {
          "version": "3.4.1",
          "resolved": "https://registry.npmjs.org/jquery/-/jquery-3.4.1.tgz",
          "integrity": "sha512-36+AdBzCL+y6qjw5Tx7HgzeGCzC81MDDgaUP8ld2zhx58HdqXGoBd+tHdrBMiyjGQs0Hxs/MLZTu/eHNJJuWPw=="
        }
      }
    },
    "owl.carousel": {
      "version": "2.3.4",
      "resolved": "https://registry.npmjs.org/owl.carousel/-/owl.carousel-2.3.4.tgz",
      "integrity": "sha512-JaDss9+feAvEW8KZppPSpllfposEzQiW+Ytt/Xm5t/3CTJ7YVmkh6RkWixoA2yXk2boIwedYxOvrrppIGzru9A==",
      "requires": {
        "jquery": ">=1.8.3"
      },
      "dependencies": {
        "jquery": {
          "version": "3.4.1",
          "resolved": "https://registry.npmjs.org/jquery/-/jquery-3.4.1.tgz",
          "integrity": "sha512-36+AdBzCL+y6qjw5Tx7HgzeGCzC81MDDgaUP8ld2zhx58HdqXGoBd+tHdrBMiyjGQs0Hxs/MLZTu/eHNJJuWPw=="
        }
      }
    }
  }
}
